<?xml version="1.0" encoding="utf-8"?>
<Project ToolsVersion="4.0" xmlns="http://schemas.microsoft.com/developer/msbuild/2003">
  <ItemGroup>
    <Filter Include="src">
      <UniqueIdentifier>{8b8efca7-4b56-41ee-bbea-6d8905fcd99e}</UniqueIdentifier>
    </Filter>
    <Filter Include="src\clib">
      <UniqueIdentifier>{0dafd470-d3de-402a-8dbc-736dfc9698c4}</UniqueIdentifier>
    </Filter>
    <Filter Include="src\tools">
      <UniqueIdentifier>{d083325a-c26c-4983-aa11-678038296c1f}</UniqueIdentifier>
    </Filter>
  </ItemGroup>
  <ItemGroup>
    <ClInclude Include="src\array_list.h">
      <Filter>src</Filter>
    </ClInclude>
    <ClInclude Include="src\console.h">
      <Filter>src</Filter>
    </ClInclude>
    <ClInclude Include="src\framework.h">
      <Filter>src</Filter>
    </ClInclude>
    <ClInclude Include="src\win32.h">
      <Filter>src</Filter>
    </ClInclude>
    <ClInclude Include="src\clib\buffer.h">
      <Filter>src\clib</Filter>
    </ClInclude>
    <ClInclude Include="src\clib\fs.h">
      <Filter>src\clib</Filter>
    </ClInclude>
    <ClInclude Include="src\tools\string_common.h">
      <Filter>src\tools</Filter>
    </ClInclude>
    <ClInclude Include="src\searchview.h">
      <Filter>src</Filter>
    </ClInclude>
  </ItemGroup>
  <ItemGroup>
    <ClCompile Include="src\framework.cpp">
      <Filter>src</Filter>
    </ClCompile>
    <ClCompile Include="src\main.cpp">
      <Filter>src</Filter>
    </ClCompile>
    <ClCompile Include="src\win32.cpp">
      <Filter>src</Filter>
    </ClCompile>
    <ClCompile Include="src\clib\buffer.c">
      <Filter>src\clib</Filter>
    </ClCompile>
    <ClCompile Include="src\clib\fs.c">
      <Filter>src\clib</Filter>
    </ClCompile>
    <ClCompile Include="src\tools\string_common.cpp">
      <Filter>src\tools</Filter>
    </ClCompile>
    <ClCompile Include="src\searchview.cpp">
      <Filter>src</Filter>
    </ClCompile>
  </ItemGroup>
</Project>